// !$*UTF8*$!
{
	archiveVersion = 1;
	classes = {
	};
	objectVersion = 51;
	objects = {

/* Begin PBXBuildFile section */
		4BC113309AD3AADE6E14EB47 /* Pods_QYHProgressHUD.framework in Frameworks */ = {isa = PBXBuildFile; fileRef = C310D70D34AD7F063B12D088 /* Pods_QYHProgressHUD.framework */; };
		7A18F7A12444051E0036240C /* Assets.xcassets in Resources */ = {isa = PBXBuildFile; fileRef = 7A18F79C2444051E0036240C /* Assets.xcassets */; };
		7A18F7A22444051E0036240C /* LaunchScreen.storyboard in Resources */ = {isa = PBXBuildFile; fileRef = 7A18F79D2444051E0036240C /* LaunchScreen.storyboard */; };
		7A18F7A32444051E0036240C /* main.m in Sources */ = {isa = PBXBuildFile; fileRef = 7A18F79F2444051E0036240C /* main.m */; };
		7A18F7B224440C430036240C /* UIView+QYHExtension.m in Sources */ = {isa = PBXBuildFile; fileRef = 7A18F7B124440C430036240C /* UIView+QYHExtension.m */; };
		7A18F7B524440F580036240C /* CALayer+QYHXibBorderColor.m in Sources */ = {isa = PBXBuildFile; fileRef = 7A18F7B424440F580036240C /* CALayer+QYHXibBorderColor.m */; };
		7A18F7B8244411110036240C /* UIColor+QYHExtension.m in Sources */ = {isa = PBXBuildFile; fileRef = 7A18F7B7244411110036240C /* UIColor+QYHExtension.m */; };
		7A18F7BE24441C790036240C /* NSDate+QYHExtension.m in Sources */ = {isa = PBXBuildFile; fileRef = 7A18F7BD24441C790036240C /* NSDate+QYHExtension.m */; };
		7A18F7C124444B7D0036240C /* NSString+QYHExtension.m in Sources */ = {isa = PBXBuildFile; fileRef = 7A18F7C024444B7D0036240C /* NSString+QYHExtension.m */; };
		7A18F7C5244458320036240C /* NSDictionary+QYHExtension.m in Sources */ = {isa = PBXBuildFile; fileRef = 7A18F7C4244458320036240C /* NSDictionary+QYHExtension.m */; };
		7A18F7C8244542AD0036240C /* UIViewController+QYHExtension.m in Sources */ = {isa = PBXBuildFile; fileRef = 7A18F7C7244542AD0036240C /* UIViewController+QYHExtension.m */; };
		7A18F7CB244543630036240C /* UIImage+QYHExtension.m in Sources */ = {isa = PBXBuildFile; fileRef = 7A18F7CA244543630036240C /* UIImage+QYHExtension.m */; };
		7A18F7CE244548170036240C /* NSObject+QYHExtension.m in Sources */ = {isa = PBXBuildFile; fileRef = 7A18F7CD244548170036240C /* NSObject+QYHExtension.m */; };
		7A18F7D1244555BF0036240C /* NSMutableAttributedString+QYHExtension.m in Sources */ = {isa = PBXBuildFile; fileRef = 7A18F7D0244555BF0036240C /* NSMutableAttributedString+QYHExtension.m */; };
		7A18F7DE24458BDA0036240C /* QYHProgressHUD.m in Sources */ = {isa = PBXBuildFile; fileRef = 7A18F7D824458BDA0036240C /* QYHProgressHUD.m */; };
		7A18F7DF24458BDA0036240C /* QYHAlertView.m in Sources */ = {isa = PBXBuildFile; fileRef = 7A18F7DD24458BDA0036240C /* QYHAlertView.m */; };
		7A18F7E224458C350036240C /* QYHBubbleView.m in Sources */ = {isa = PBXBuildFile; fileRef = 7A18F7E124458C350036240C /* QYHBubbleView.m */; };
		7A18F7E6244591500036240C /* QYHSelectedCell.m in Sources */ = {isa = PBXBuildFile; fileRef = 7A18F7E5244591500036240C /* QYHSelectedCell.m */; };
		7A18F7E92445936D0036240C /* QYHSelectedView.m in Sources */ = {isa = PBXBuildFile; fileRef = 7A18F7E82445936D0036240C /* QYHSelectedView.m */; };
		7A18F7F02445AEE00036240C /* QYHPickerView.m in Sources */ = {isa = PBXBuildFile; fileRef = 7A18F7EF2445AEE00036240C /* QYHPickerView.m */; };
		7A5C35342443F5F900866796 /* ViewController.m in Sources */ = {isa = PBXBuildFile; fileRef = 7A5C35222443F5F900866796 /* ViewController.m */; };
		7A5C35362443F5F900866796 /* AppDelegate.m in Sources */ = {isa = PBXBuildFile; fileRef = 7A5C35292443F5F900866796 /* AppDelegate.m */; };
		7A6A966D243715F100586065 /* QYHProgressHUDTests.m in Sources */ = {isa = PBXBuildFile; fileRef = 7A6A966C243715F100586065 /* QYHProgressHUDTests.m */; };
		7A6A9678243715F100586065 /* QYHProgressHUDUITests.m in Sources */ = {isa = PBXBuildFile; fileRef = 7A6A9677243715F100586065 /* QYHProgressHUDUITests.m */; };
/* End PBXBuildFile section */

/* Begin PBXContainerItemProxy section */
		7A6A9669243715F100586065 /* PBXContainerItemProxy */ = {
			isa = PBXContainerItemProxy;
			containerPortal = 7A6A9645243715ED00586065 /* Project object */;
			proxyType = 1;
			remoteGlobalIDString = 7A6A964C243715ED00586065;
			remoteInfo = QYHProgressHUD;
		};
		7A6A9674243715F100586065 /* PBXContainerItemProxy */ = {
			isa = PBXContainerItemProxy;
			containerPortal = 7A6A9645243715ED00586065 /* Project object */;
			proxyType = 1;
			remoteGlobalIDString = 7A6A964C243715ED00586065;
			remoteInfo = QYHProgressHUD;
		};
/* End PBXContainerItemProxy section */

/* Begin PBXFileReference section */
		25C167E80BFB0E5180984FBB /* Pods-QYHProgressHUD.release.xcconfig */ = {isa = PBXFileReference; includeInIndex = 1; lastKnownFileType = text.xcconfig; name = "Pods-QYHProgressHUD.release.xcconfig"; path = "Target Support Files/Pods-QYHProgressHUD/Pods-QYHProgressHUD.release.xcconfig"; sourceTree = "<group>"; };
		7A18F79C2444051E0036240C /* Assets.xcassets */ = {isa = PBXFileReference; lastKnownFileType = folder.assetcatalog; path = Assets.xcassets; sourceTree = "<group>"; };
		7A18F79E2444051E0036240C /* Base */ = {isa = PBXFileReference; lastKnownFileType = file.storyboard; name = Base; path = Base.lproj/LaunchScreen.storyboard; sourceTree = "<group>"; };
		7A18F79F2444051E0036240C /* main.m */ = {isa = PBXFileReference; fileEncoding = 4; lastKnownFileType = sourcecode.c.objc; path = main.m; sourceTree = "<group>"; };
		7A18F7A02444051E0036240C /* Info.plist */ = {isa = PBXFileReference; fileEncoding = 4; lastKnownFileType = text.plist.xml; path = Info.plist; sourceTree = "<group>"; };
		7A18F7AE24440AAF0036240C /* QYHHeader.h */ = {isa = PBXFileReference; fileEncoding = 4; lastKnownFileType = sourcecode.c.h; path = QYHHeader.h; sourceTree = "<group>"; };
		7A18F7AF24440AAF0036240C /* QYHPrefixHeader.pch */ = {isa = PBXFileReference; fileEncoding = 4; lastKnownFileType = sourcecode.c.h; path = QYHPrefixHeader.pch; sourceTree = "<group>"; };
		7A18F7B024440C430036240C /* UIView+QYHExtension.h */ = {isa = PBXFileReference; lastKnownFileType = sourcecode.c.h; path = "UIView+QYHExtension.h"; sourceTree = "<group>"; };
		7A18F7B124440C430036240C /* UIView+QYHExtension.m */ = {isa = PBXFileReference; lastKnownFileType = sourcecode.c.objc; path = "UIView+QYHExtension.m"; sourceTree = "<group>"; };
		7A18F7B324440F580036240C /* CALayer+QYHXibBorderColor.h */ = {isa = PBXFileReference; lastKnownFileType = sourcecode.c.h; path = "CALayer+QYHXibBorderColor.h"; sourceTree = "<group>"; };
		7A18F7B424440F580036240C /* CALayer+QYHXibBorderColor.m */ = {isa = PBXFileReference; lastKnownFileType = sourcecode.c.objc; path = "CALayer+QYHXibBorderColor.m"; sourceTree = "<group>"; };
		7A18F7B6244411110036240C /* UIColor+QYHExtension.h */ = {isa = PBXFileReference; lastKnownFileType = sourcecode.c.h; path = "UIColor+QYHExtension.h"; sourceTree = "<group>"; };
		7A18F7B7244411110036240C /* UIColor+QYHExtension.m */ = {isa = PBXFileReference; lastKnownFileType = sourcecode.c.objc; path = "UIColor+QYHExtension.m"; sourceTree = "<group>"; };
		7A18F7BC24441C790036240C /* NSDate+QYHExtension.h */ = {isa = PBXFileReference; lastKnownFileType = sourcecode.c.h; path = "NSDate+QYHExtension.h"; sourceTree = "<group>"; };
		7A18F7BD24441C790036240C /* NSDate+QYHExtension.m */ = {isa = PBXFileReference; lastKnownFileType = sourcecode.c.objc; path = "NSDate+QYHExtension.m"; sourceTree = "<group>"; };
		7A18F7BF24444B7D0036240C /* NSString+QYHExtension.h */ = {isa = PBXFileReference; lastKnownFileType = sourcecode.c.h; path = "NSString+QYHExtension.h"; sourceTree = "<group>"; };
		7A18F7C024444B7D0036240C /* NSString+QYHExtension.m */ = {isa = PBXFileReference; lastKnownFileType = sourcecode.c.objc; path = "NSString+QYHExtension.m"; sourceTree = "<group>"; };
		7A18F7C3244458320036240C /* NSDictionary+QYHExtension.h */ = {isa = PBXFileReference; lastKnownFileType = sourcecode.c.h; path = "NSDictionary+QYHExtension.h"; sourceTree = "<group>"; };
		7A18F7C4244458320036240C /* NSDictionary+QYHExtension.m */ = {isa = PBXFileReference; lastKnownFileType = sourcecode.c.objc; path = "NSDictionary+QYHExtension.m"; sourceTree = "<group>"; };
		7A18F7C6244542AD0036240C /* UIViewController+QYHExtension.h */ = {isa = PBXFileReference; lastKnownFileType = sourcecode.c.h; path = "UIViewController+QYHExtension.h"; sourceTree = "<group>"; };
		7A18F7C7244542AD0036240C /* UIViewController+QYHExtension.m */ = {isa = PBXFileReference; lastKnownFileType = sourcecode.c.objc; path = "UIViewController+QYHExtension.m"; sourceTree = "<group>"; };
		7A18F7C9244543630036240C /* UIImage+QYHExtension.h */ = {isa = PBXFileReference; lastKnownFileType = sourcecode.c.h; path = "UIImage+QYHExtension.h"; sourceTree = "<group>"; };
		7A18F7CA244543630036240C /* UIImage+QYHExtension.m */ = {isa = PBXFileReference; lastKnownFileType = sourcecode.c.objc; path = "UIImage+QYHExtension.m"; sourceTree = "<group>"; };
		7A18F7CC244548170036240C /* NSObject+QYHExtension.h */ = {isa = PBXFileReference; lastKnownFileType = sourcecode.c.h; path = "NSObject+QYHExtension.h"; sourceTree = "<group>"; };
		7A18F7CD244548170036240C /* NSObject+QYHExtension.m */ = {isa = PBXFileReference; lastKnownFileType = sourcecode.c.objc; path = "NSObject+QYHExtension.m"; sourceTree = "<group>"; };
		7A18F7CF244555BF0036240C /* NSMutableAttributedString+QYHExtension.h */ = {isa = PBXFileReference; lastKnownFileType = sourcecode.c.h; path = "NSMutableAttributedString+QYHExtension.h"; sourceTree = "<group>"; };
		7A18F7D0244555BF0036240C /* NSMutableAttributedString+QYHExtension.m */ = {isa = PBXFileReference; lastKnownFileType = sourcecode.c.objc; path = "NSMutableAttributedString+QYHExtension.m"; sourceTree = "<group>"; };
		7A18F7D824458BDA0036240C /* QYHProgressHUD.m */ = {isa = PBXFileReference; fileEncoding = 4; lastKnownFileType = sourcecode.c.objc; path = QYHProgressHUD.m; sourceTree = "<group>"; };
		7A18F7D924458BDA0036240C /* QYHProgressHUD.h */ = {isa = PBXFileReference; fileEncoding = 4; lastKnownFileType = sourcecode.c.h; path = QYHProgressHUD.h; sourceTree = "<group>"; };
		7A18F7DC24458BDA0036240C /* QYHAlertView.h */ = {isa = PBXFileReference; fileEncoding = 4; lastKnownFileType = sourcecode.c.h; path = QYHAlertView.h; sourceTree = "<group>"; };
		7A18F7DD24458BDA0036240C /* QYHAlertView.m */ = {isa = PBXFileReference; fileEncoding = 4; lastKnownFileType = sourcecode.c.objc; path = QYHAlertView.m; sourceTree = "<group>"; };
		7A18F7E024458C350036240C /* QYHBubbleView.h */ = {isa = PBXFileReference; lastKnownFileType = sourcecode.c.h; path = QYHBubbleView.h; sourceTree = "<group>"; };
		7A18F7E124458C350036240C /* QYHBubbleView.m */ = {isa = PBXFileReference; lastKnownFileType = sourcecode.c.objc; path = QYHBubbleView.m; sourceTree = "<group>"; };
		7A18F7E4244591500036240C /* QYHSelectedCell.h */ = {isa = PBXFileReference; lastKnownFileType = sourcecode.c.h; path = QYHSelectedCell.h; sourceTree = "<group>"; };
		7A18F7E5244591500036240C /* QYHSelectedCell.m */ = {isa = PBXFileReference; lastKnownFileType = sourcecode.c.objc; path = QYHSelectedCell.m; sourceTree = "<group>"; };
		7A18F7E72445936D0036240C /* QYHSelectedView.h */ = {isa = PBXFileReference; lastKnownFileType = sourcecode.c.h; path = QYHSelectedView.h; sourceTree = "<group>"; };
		7A18F7E82445936D0036240C /* QYHSelectedView.m */ = {isa = PBXFileReference; lastKnownFileType = sourcecode.c.objc; path = QYHSelectedView.m; sourceTree = "<group>"; };
		7A18F7EE2445AEE00036240C /* QYHPickerView.h */ = {isa = PBXFileReference; lastKnownFileType = sourcecode.c.h; path = QYHPickerView.h; sourceTree = "<group>"; };
		7A18F7EF2445AEE00036240C /* QYHPickerView.m */ = {isa = PBXFileReference; lastKnownFileType = sourcecode.c.objc; path = QYHPickerView.m; sourceTree = "<group>"; };
		7A5C35212443F5F900866796 /* AppDelegate.h */ = {isa = PBXFileReference; fileEncoding = 4; lastKnownFileType = sourcecode.c.h; path = AppDelegate.h; sourceTree = "<group>"; };
		7A5C35222443F5F900866796 /* ViewController.m */ = {isa = PBXFileReference; fileEncoding = 4; lastKnownFileType = sourcecode.c.objc; path = ViewController.m; sourceTree = "<group>"; };
		7A5C35292443F5F900866796 /* AppDelegate.m */ = {isa = PBXFileReference; fileEncoding = 4; lastKnownFileType = sourcecode.c.objc; path = AppDelegate.m; sourceTree = "<group>"; };
		7A5C352D2443F5F900866796 /* ViewController.h */ = {isa = PBXFileReference; fileEncoding = 4; lastKnownFileType = sourcecode.c.h; path = ViewController.h; sourceTree = "<group>"; };
		7A6A964D243715ED00586065 /* QYHProgressHUD.app */ = {isa = PBXFileReference; explicitFileType = wrapper.application; includeInIndex = 0; path = QYHProgressHUD.app; sourceTree = BUILT_PRODUCTS_DIR; };
		7A6A9668243715F100586065 /* QYHProgressHUDTests.xctest */ = {isa = PBXFileReference; explicitFileType = wrapper.cfbundle; includeInIndex = 0; path = QYHProgressHUDTests.xctest; sourceTree = BUILT_PRODUCTS_DIR; };
		7A6A966C243715F100586065 /* QYHProgressHUDTests.m */ = {isa = PBXFileReference; lastKnownFileType = sourcecode.c.objc; path = QYHProgressHUDTests.m; sourceTree = "<group>"; };
		7A6A966E243715F100586065 /* Info.plist */ = {isa = PBXFileReference; lastKnownFileType = text.plist.xml; path = Info.plist; sourceTree = "<group>"; };
		7A6A9673243715F100586065 /* QYHProgressHUDUITests.xctest */ = {isa = PBXFileReference; explicitFileType = wrapper.cfbundle; includeInIndex = 0; path = QYHProgressHUDUITests.xctest; sourceTree = BUILT_PRODUCTS_DIR; };
		7A6A9677243715F100586065 /* QYHProgressHUDUITests.m */ = {isa = PBXFileReference; lastKnownFileType = sourcecode.c.objc; path = QYHProgressHUDUITests.m; sourceTree = "<group>"; };
		7A6A9679243715F100586065 /* Info.plist */ = {isa = PBXFileReference; lastKnownFileType = text.plist.xml; path = Info.plist; sourceTree = "<group>"; };
		9413768F2DA1E7492F1FCB13 /* Pods-QYHProgressHUD.debug.xcconfig */ = {isa = PBXFileReference; includeInIndex = 1; lastKnownFileType = text.xcconfig; name = "Pods-QYHProgressHUD.debug.xcconfig"; path = "Target Support Files/Pods-QYHProgressHUD/Pods-QYHProgressHUD.debug.xcconfig"; sourceTree = "<group>"; };
		C310D70D34AD7F063B12D088 /* Pods_QYHProgressHUD.framework */ = {isa = PBXFileReference; explicitFileType = wrapper.framework; includeInIndex = 0; path = Pods_QYHProgressHUD.framework; sourceTree = BUILT_PRODUCTS_DIR; };
/* End PBXFileReference section */

/* Begin PBXFrameworksBuildPhase section */
		7A6A964A243715ED00586065 /* Frameworks */ = {
			isa = PBXFrameworksBuildPhase;
			buildActionMask = 2147483647;
			files = (
				4BC113309AD3AADE6E14EB47 /* Pods_QYHProgressHUD.framework in Frameworks */,
			);
			runOnlyForDeploymentPostprocessing = 0;
		};
		7A6A9665243715F100586065 /* Frameworks */ = {
			isa = PBXFrameworksBuildPhase;
			buildActionMask = 2147483647;
			files = (
			);
			runOnlyForDeploymentPostprocessing = 0;
		};
		7A6A9670243715F100586065 /* Frameworks */ = {
			isa = PBXFrameworksBuildPhase;
			buildActionMask = 2147483647;
			files = (
			);
			runOnlyForDeploymentPostprocessing = 0;
		};
/* End PBXFrameworksBuildPhase section */

/* Begin PBXGroup section */
		73541B31BE9C436D529001E6 /* Frameworks */ = {
			isa = PBXGroup;
			children = (
				C310D70D34AD7F063B12D088 /* Pods_QYHProgressHUD.framework */,
			);
			name = Frameworks;
			sourceTree = "<group>";
		};
		7A18F79B2444051E0036240C /* Support Files */ = {
			isa = PBXGroup;
			children = (
				7A18F79C2444051E0036240C /* Assets.xcassets */,
				7A18F7A02444051E0036240C /* Info.plist */,
				7A18F79D2444051E0036240C /* LaunchScreen.storyboard */,
				7A18F79F2444051E0036240C /* main.m */,
			);
			path = "Support Files";
			sourceTree = "<group>";
		};
		7A18F7AB24440AAF0036240C /* General */ = {
			isa = PBXGroup;
			children = (
				7A18F7AC24440AAF0036240C /* Category */,
				7A18F7AD24440AAF0036240C /* Macros */,
			);
			path = General;
			sourceTree = "<group>";
		};
		7A18F7AC24440AAF0036240C /* Category */ = {
			isa = PBXGroup;
			children = (
				7A18F7B024440C430036240C /* UIView+QYHExtension.h */,
				7A18F7B124440C430036240C /* UIView+QYHExtension.m */,
				7A18F7B324440F580036240C /* CALayer+QYHXibBorderColor.h */,
				7A18F7B424440F580036240C /* CALayer+QYHXibBorderColor.m */,
				7A18F7B6244411110036240C /* UIColor+QYHExtension.h */,
				7A18F7B7244411110036240C /* UIColor+QYHExtension.m */,
				7A18F7BC24441C790036240C /* NSDate+QYHExtension.h */,
				7A18F7BD24441C790036240C /* NSDate+QYHExtension.m */,
				7A18F7BF24444B7D0036240C /* NSString+QYHExtension.h */,
				7A18F7C024444B7D0036240C /* NSString+QYHExtension.m */,
				7A18F7C3244458320036240C /* NSDictionary+QYHExtension.h */,
				7A18F7C4244458320036240C /* NSDictionary+QYHExtension.m */,
				7A18F7C6244542AD0036240C /* UIViewController+QYHExtension.h */,
				7A18F7C7244542AD0036240C /* UIViewController+QYHExtension.m */,
				7A18F7C9244543630036240C /* UIImage+QYHExtension.h */,
				7A18F7CA244543630036240C /* UIImage+QYHExtension.m */,
				7A18F7CC244548170036240C /* NSObject+QYHExtension.h */,
				7A18F7CD244548170036240C /* NSObject+QYHExtension.m */,
				7A18F7CF244555BF0036240C /* NSMutableAttributedString+QYHExtension.h */,
				7A18F7D0244555BF0036240C /* NSMutableAttributedString+QYHExtension.m */,
			);
			path = Category;
			sourceTree = "<group>";
		};
		7A18F7AD24440AAF0036240C /* Macros */ = {
			isa = PBXGroup;
			children = (
				7A18F7AE24440AAF0036240C /* QYHHeader.h */,
				7A18F7AF24440AAF0036240C /* QYHPrefixHeader.pch */,
			);
			path = Macros;
			sourceTree = "<group>";
		};
		7A18F7D624458BDA0036240C /* CustomView */ = {
			isa = PBXGroup;
			children = (
				7A18F7EA2445AEC30036240C /* QYHPickerView */,
				7A18F7E3244591270036240C /* QYHSelectedView */,
				7A18F7DA24458BDA0036240C /* QYHBubbleView */,
				7A18F7DB24458BDA0036240C /* QYHAlertView */,
				7A18F7D724458BDA0036240C /* QYHProgressHUD */,
			);
			path = CustomView;
			sourceTree = "<group>";
		};
		7A18F7D724458BDA0036240C /* QYHProgressHUD */ = {
			isa = PBXGroup;
			children = (
				7A18F7D924458BDA0036240C /* QYHProgressHUD.h */,
				7A18F7D824458BDA0036240C /* QYHProgressHUD.m */,
			);
			path = QYHProgressHUD;
			sourceTree = "<group>";
		};
		7A18F7DA24458BDA0036240C /* QYHBubbleView */ = {
			isa = PBXGroup;
			children = (
				7A18F7E024458C350036240C /* QYHBubbleView.h */,
				7A18F7E124458C350036240C /* QYHBubbleView.m */,
			);
			path = QYHBubbleView;
			sourceTree = "<group>";
		};
		7A18F7DB24458BDA0036240C /* QYHAlertView */ = {
			isa = PBXGroup;
			children = (
				7A18F7DC24458BDA0036240C /* QYHAlertView.h */,
				7A18F7DD24458BDA0036240C /* QYHAlertView.m */,
			);
			path = QYHAlertView;
			sourceTree = "<group>";
		};
		7A18F7E3244591270036240C /* QYHSelectedView */ = {
			isa = PBXGroup;
			children = (
				7A18F7E4244591500036240C /* QYHSelectedCell.h */,
				7A18F7E5244591500036240C /* QYHSelectedCell.m */,
				7A18F7E72445936D0036240C /* QYHSelectedView.h */,
				7A18F7E82445936D0036240C /* QYHSelectedView.m */,
			);
			path = QYHSelectedView;
			sourceTree = "<group>";
		};
		7A18F7EA2445AEC30036240C /* QYHPickerView */ = {
			isa = PBXGroup;
			children = (
				7A18F7EE2445AEE00036240C /* QYHPickerView.h */,
				7A18F7EF2445AEE00036240C /* QYHPickerView.m */,
			);
			path = QYHPickerView;
			sourceTree = "<group>";
		};
		7A5C35202443F5F900866796 /* Classes */ = {
			isa = PBXGroup;
			children = (
				7A18F7D624458BDA0036240C /* CustomView */,
				7A5C35212443F5F900866796 /* AppDelegate.h */,
				7A5C35292443F5F900866796 /* AppDelegate.m */,
				7A18F7AB24440AAF0036240C /* General */,
				7A5C352D2443F5F900866796 /* ViewController.h */,
				7A5C35222443F5F900866796 /* ViewController.m */,
			);
			path = Classes;
			sourceTree = "<group>";
		};
		7A6A9644243715ED00586065 = {
			isa = PBXGroup;
			children = (
				7A6A964F243715ED00586065 /* QYHProgressHUD */,
				7A6A966B243715F100586065 /* QYHProgressHUDTests */,
				7A6A9676243715F100586065 /* QYHProgressHUDUITests */,
				7A6A964E243715ED00586065 /* Products */,
				ABE758EABA9CFA5D8C1427B8 /* Pods */,
				73541B31BE9C436D529001E6 /* Frameworks */,
			);
			sourceTree = "<group>";
		};
		7A6A964E243715ED00586065 /* Products */ = {
			isa = PBXGroup;
			children = (
				7A6A964D243715ED00586065 /* QYHProgressHUD.app */,
				7A6A9668243715F100586065 /* QYHProgressHUDTests.xctest */,
				7A6A9673243715F100586065 /* QYHProgressHUDUITests.xctest */,
			);
			name = Products;
			sourceTree = "<group>";
		};
		7A6A964F243715ED00586065 /* QYHProgressHUD */ = {
			isa = PBXGroup;
			children = (
				7A5C35202443F5F900866796 /* Classes */,
				7A18F79B2444051E0036240C /* Support Files */,
			);
			path = QYHProgressHUD;
			sourceTree = "<group>";
		};
		7A6A966B243715F100586065 /* QYHProgressHUDTests */ = {
			isa = PBXGroup;
			children = (
				7A6A966C243715F100586065 /* QYHProgressHUDTests.m */,
				7A6A966E243715F100586065 /* Info.plist */,
			);
			path = QYHProgressHUDTests;
			sourceTree = "<group>";
		};
		7A6A9676243715F100586065 /* QYHProgressHUDUITests */ = {
			isa = PBXGroup;
			children = (
				7A6A9677243715F100586065 /* QYHProgressHUDUITests.m */,
				7A6A9679243715F100586065 /* Info.plist */,
			);
			path = QYHProgressHUDUITests;
			sourceTree = "<group>";
		};
		ABE758EABA9CFA5D8C1427B8 /* Pods */ = {
			isa = PBXGroup;
			children = (
				9413768F2DA1E7492F1FCB13 /* Pods-QYHProgressHUD.debug.xcconfig */,
				25C167E80BFB0E5180984FBB /* Pods-QYHProgressHUD.release.xcconfig */,
			);
			path = Pods;
			sourceTree = "<group>";
		};
/* End PBXGroup section */

/* Begin PBXNativeTarget section */
		7A6A964C243715ED00586065 /* QYHProgressHUD */ = {
			isa = PBXNativeTarget;
			buildConfigurationList = 7A6A967C243715F100586065 /* Build configuration list for PBXNativeTarget "QYHProgressHUD" */;
			buildPhases = (
				888E05D00FD7CCEEE4EAB795 /* [CP] Check Pods Manifest.lock */,
				7A6A9649243715ED00586065 /* Sources */,
				7A6A964A243715ED00586065 /* Frameworks */,
				7A6A964B243715ED00586065 /* Resources */,
				EA4FDE79672D58B529C9E81C /* [CP] Embed Pods Frameworks */,
			);
			buildRules = (
			);
			dependencies = (
			);
			name = QYHProgressHUD;
			productName = QYHProgressHUD;
			productReference = 7A6A964D243715ED00586065 /* QYHProgressHUD.app */;
			productType = "com.apple.product-type.application";
		};
		7A6A9667243715F100586065 /* QYHProgressHUDTests */ = {
			isa = PBXNativeTarget;
			buildConfigurationList = 7A6A967F243715F100586065 /* Build configuration list for PBXNativeTarget "QYHProgressHUDTests" */;
			buildPhases = (
				7A6A9664243715F100586065 /* Sources */,
				7A6A9665243715F100586065 /* Frameworks */,
				7A6A9666243715F100586065 /* Resources */,
			);
			buildRules = (
			);
			dependencies = (
				7A6A966A243715F100586065 /* PBXTargetDependency */,
			);
			name = QYHProgressHUDTests;
			productName = QYHProgressHUDTests;
			productReference = 7A6A9668243715F100586065 /* QYHProgressHUDTests.xctest */;
			productType = "com.apple.product-type.bundle.unit-test";
		};
		7A6A9672243715F100586065 /* QYHProgressHUDUITests */ = {
			isa = PBXNativeTarget;
			buildConfigurationList = 7A6A9682243715F100586065 /* Build configuration list for PBXNativeTarget "QYHProgressHUDUITests" */;
			buildPhases = (
				7A6A966F243715F100586065 /* Sources */,
				7A6A9670243715F100586065 /* Frameworks */,
				7A6A9671243715F100586065 /* Resources */,
			);
			buildRules = (
			);
			dependencies = (
				7A6A9675243715F100586065 /* PBXTargetDependency */,
			);
			name = QYHProgressHUDUITests;
			productName = QYHProgressHUDUITests;
			productReference = 7A6A9673243715F100586065 /* QYHProgressHUDUITests.xctest */;
			productType = "com.apple.product-type.bundle.ui-testing";
		};
/* End PBXNativeTarget section */

/* Begin PBXProject section */
		7A6A9645243715ED00586065 /* Project object */ = {
			isa = PBXProject;
			attributes = {
				LastUpgradeCheck = 1110;
				ORGANIZATIONNAME = SAJ;
				TargetAttributes = {
					7A6A964C243715ED00586065 = {
						CreatedOnToolsVersion = 11.1;
					};
					7A6A9667243715F100586065 = {
						CreatedOnToolsVersion = 11.1;
						TestTargetID = 7A6A964C243715ED00586065;
					};
					7A6A9672243715F100586065 = {
						CreatedOnToolsVersion = 11.1;
						TestTargetID = 7A6A964C243715ED00586065;
					};
				};
			};
			buildConfigurationList = 7A6A9648243715ED00586065 /* Build configuration list for PBXProject "QYHProgressHUD" */;
			compatibilityVersion = "Xcode 9.3";
			developmentRegion = en;
			hasScannedForEncodings = 0;
			knownRegions = (
				en,
				Base,
			);
			mainGroup = 7A6A9644243715ED00586065;
			productRefGroup = 7A6A964E243715ED00586065 /* Products */;
			projectDirPath = "";
			projectRoot = "";
			targets = (
				7A6A964C243715ED00586065 /* QYHProgressHUD */,
				7A6A9667243715F100586065 /* QYHProgressHUDTests */,
				7A6A9672243715F100586065 /* QYHProgressHUDUITests */,
			);
		};
/* End PBXProject section */

/* Begin PBXResourcesBuildPhase section */
		7A6A964B243715ED00586065 /* Resources */ = {
			isa = PBXResourcesBuildPhase;
			buildActionMask = 2147483647;
			files = (
				7A18F7A12444051E0036240C /* Assets.xcassets in Resources */,
				7A18F7A22444051E0036240C /* LaunchScreen.storyboard in Resources */,
			);
			runOnlyForDeploymentPostprocessing = 0;
		};
		7A6A9666243715F100586065 /* Resources */ = {
			isa = PBXResourcesBuildPhase;
			buildActionMask = 2147483647;
			files = (
			);
			runOnlyForDeploymentPostprocessing = 0;
		};
		7A6A9671243715F100586065 /* Resources */ = {
			isa = PBXResourcesBuildPhase;
			buildActionMask = 2147483647;
			files = (
			);
			runOnlyForDeploymentPostprocessing = 0;
		};
/* End PBXResourcesBuildPhase section */

/* Begin PBXShellScriptBuildPhase section */
		888E05D00FD7CCEEE4EAB795 /* [CP] Check Pods Manifest.lock */ = {
			isa = PBXShellScriptBuildPhase;
			buildActionMask = 2147483647;
			files = (
			);
			inputFileListPaths = (
			);
			inputPaths = (
				"${PODS_PODFILE_DIR_PATH}/Podfile.lock",
				"${PODS_ROOT}/Manifest.lock",
			);
			name = "[CP] Check Pods Manifest.lock";
			outputFileListPaths = (
			);
			outputPaths = (
				"$(DERIVED_FILE_DIR)/Pods-QYHProgressHUD-checkManifestLockResult.txt",
			);
			runOnlyForDeploymentPostprocessing = 0;
			shellPath = /bin/sh;
			shellScript = "diff \"${PODS_PODFILE_DIR_PATH}/Podfile.lock\" \"${PODS_ROOT}/Manifest.lock\" > /dev/null\nif [ $? != 0 ] ; then\n    # print error to STDERR\n    echo \"error: The sandbox is not in sync with the Podfile.lock. Run 'pod install' or update your CocoaPods installation.\" >&2\n    exit 1\nfi\n# This output is used by Xcode 'outputs' to avoid re-running this script phase.\necho \"SUCCESS\" > \"${SCRIPT_OUTPUT_FILE_0}\"\n";
			showEnvVarsInLog = 0;
		};
		EA4FDE79672D58B529C9E81C /* [CP] Embed Pods Frameworks */ = {
			isa = PBXShellScriptBuildPhase;
			buildActionMask = 2147483647;
			files = (
			);
			inputFileListPaths = (
				"${PODS_ROOT}/Target Support Files/Pods-QYHProgressHUD/Pods-QYHProgressHUD-frameworks-${CONFIGURATION}-input-files.xcfilelist",
			);
			name = "[CP] Embed Pods Frameworks";
			outputFileListPaths = (
				"${PODS_ROOT}/Target Support Files/Pods-QYHProgressHUD/Pods-QYHProgressHUD-frameworks-${CONFIGURATION}-output-files.xcfilelist",
			);
			runOnlyForDeploymentPostprocessing = 0;
			shellPath = /bin/sh;
			shellScript = "\"${PODS_ROOT}/Target Support Files/Pods-QYHProgressHUD/Pods-QYHProgressHUD-frameworks.sh\"\n";
			showEnvVarsInLog = 0;
		};
/* End PBXShellScriptBuildPhase section */

/* Begin PBXSourcesBuildPhase section */
		7A6A9649243715ED00586065 /* Sources */ = {
			isa = PBXSourcesBuildPhase;
			buildActionMask = 2147483647;
			files = (
				7A18F7D1244555BF0036240C /* NSMutableAttributedString+QYHExtension.m in Sources */,
				7A18F7B8244411110036240C /* UIColor+QYHExtension.m in Sources */,
				7A18F7BE24441C790036240C /* NSDate+QYHExtension.m in Sources */,
				7A18F7E224458C350036240C /* QYHBubbleView.m in Sources */,
				7A18F7E92445936D0036240C /* QYHSelectedView.m in Sources */,
				7A18F7A32444051E0036240C /* main.m in Sources */,
				7A18F7B224440C430036240C /* UIView+QYHExtension.m in Sources */,
				7A5C35342443F5F900866796 /* ViewController.m in Sources */,
				7A18F7C8244542AD0036240C /* UIViewController+QYHExtension.m in Sources */,
				7A18F7DF24458BDA0036240C /* QYHAlertView.m in Sources */,
				7A18F7B524440F580036240C /* CALayer+QYHXibBorderColor.m in Sources */,
				7A18F7CB244543630036240C /* UIImage+QYHExtension.m in Sources */,
				7A18F7F02445AEE00036240C /* QYHPickerView.m in Sources */,
				7A18F7C124444B7D0036240C /* NSString+QYHExtension.m in Sources */,
				7A5C35362443F5F900866796 /* AppDelegate.m in Sources */,
				7A18F7CE244548170036240C /* NSObject+QYHExtension.m in Sources */,
				7A18F7C5244458320036240C /* NSDictionary+QYHExtension.m in Sources */,
				7A18F7E6244591500036240C /* QYHSelectedCell.m in Sources */,
				7A18F7DE24458BDA0036240C /* QYHProgressHUD.m in Sources */,
			);
			runOnlyForDeploymentPostprocessing = 0;
		};
		7A6A9664243715F100586065 /* Sources */ = {
			isa = PBXSourcesBuildPhase;
			buildActionMask = 2147483647;
			files = (
				7A6A966D243715F100586065 /* QYHProgressHUDTests.m in Sources */,
			);
			runOnlyForDeploymentPostprocessing = 0;
		};
		7A6A966F243715F100586065 /* Sources */ = {
			isa = PBXSourcesBuildPhase;
			buildActionMask = 2147483647;
			files = (
				7A6A9678243715F100586065 /* QYHProgressHUDUITests.m in Sources */,
			);
			runOnlyForDeploymentPostprocessing = 0;
		};
/* End PBXSourcesBuildPhase section */

/* Begin PBXTargetDependency section */
		7A6A966A243715F100586065 /* PBXTargetDependency */ = {
			isa = PBXTargetDependency;
			target = 7A6A964C243715ED00586065 /* QYHProgressHUD */;
			targetProxy = 7A6A9669243715F100586065 /* PBXContainerItemProxy */;
		};
		7A6A9675243715F100586065 /* PBXTargetDependency */ = {
			isa = PBXTargetDependency;
			target = 7A6A964C243715ED00586065 /* QYHProgressHUD */;
			targetProxy = 7A6A9674243715F100586065 /* PBXContainerItemProxy */;
		};
/* End PBXTargetDependency section */

/* Begin PBXVariantGroup section */
		7A18F79D2444051E0036240C /* LaunchScreen.storyboard */ = {
			isa = PBXVariantGroup;
			children = (
				7A18F79E2444051E0036240C /* Base */,
			);
			name = LaunchScreen.storyboard;
			sourceTree = "<group>";
		};
/* End PBXVariantGroup section */

/* Begin XCBuildConfiguration section */
		7A6A967A243715F100586065 /* Debug */ = {
			isa = XCBuildConfiguration;
			buildSettings = {
				ALWAYS_SEARCH_USER_PATHS = NO;
				CLANG_ANALYZER_NONNULL = YES;
				CLANG_ANALYZER_NUMBER_OBJECT_CONVERSION = YES_AGGRESSIVE;
				CLANG_CXX_LANGUAGE_STANDARD = "gnu++14";
				CLANG_CXX_LIBRARY = "libc++";
				CLANG_ENABLE_MODULES = YES;
				CLANG_ENABLE_OBJC_ARC = YES;
				CLANG_ENABLE_OBJC_WEAK = YES;
				CLANG_WARN_BLOCK_CAPTURE_AUTORELEASING = YES;
				CLANG_WARN_BOOL_CONVERSION = YES;
				CLANG_WARN_COMMA = YES;
				CLANG_WARN_CONSTANT_CONVERSION = YES;
				CLANG_WARN_DEPRECATED_OBJC_IMPLEMENTATIONS = YES;
				CLANG_WARN_DIRECT_OBJC_ISA_USAGE = YES_ERROR;
				CLANG_WARN_DOCUMENTATION_COMMENTS = YES;
				CLANG_WARN_EMPTY_BODY = YES;
				CLANG_WARN_ENUM_CONVERSION = YES;
				CLANG_WARN_INFINITE_RECURSION = YES;
				CLANG_WARN_INT_CONVERSION = YES;
				CLANG_WARN_NON_LITERAL_NULL_CONVERSION = YES;
				CLANG_WARN_OBJC_IMPLICIT_RETAIN_SELF = YES;
				CLANG_WARN_OBJC_LITERAL_CONVERSION = YES;
				CLANG_WARN_OBJC_ROOT_CLASS = YES_ERROR;
				CLANG_WARN_RANGE_LOOP_ANALYSIS = YES;
				CLANG_WARN_STRICT_PROTOTYPES = YES;
				CLANG_WARN_SUSPICIOUS_MOVE = YES;
				CLANG_WARN_UNGUARDED_AVAILABILITY = YES_AGGRESSIVE;
				CLANG_WARN_UNREACHABLE_CODE = YES;
				CLANG_WARN__DUPLICATE_METHOD_MATCH = YES;
				COPY_PHASE_STRIP = NO;
				DEBUG_INFORMATION_FORMAT = dwarf;
				ENABLE_STRICT_OBJC_MSGSEND = YES;
				ENABLE_TESTABILITY = YES;
				GCC_C_LANGUAGE_STANDARD = gnu11;
				GCC_DYNAMIC_NO_PIC = NO;
				GCC_NO_COMMON_BLOCKS = YES;
				GCC_OPTIMIZATION_LEVEL = 0;
				GCC_PREPROCESSOR_DEFINITIONS = (
					"DEBUG=1",
					"$(inherited)",
				);
				GCC_WARN_64_TO_32_BIT_CONVERSION = YES;
				GCC_WARN_ABOUT_RETURN_TYPE = YES_ERROR;
				GCC_WARN_UNDECLARED_SELECTOR = YES;
				GCC_WARN_UNINITIALIZED_AUTOS = YES_AGGRESSIVE;
				GCC_WARN_UNUSED_FUNCTION = YES;
				GCC_WARN_UNUSED_VARIABLE = YES;
				IPHONEOS_DEPLOYMENT_TARGET = 9.0;
				MTL_ENABLE_DEBUG_INFO = INCLUDE_SOURCE;
				MTL_FAST_MATH = YES;
				ONLY_ACTIVE_ARCH = YES;
				SDKROOT = iphoneos;
			};
			name = Debug;
		};
		7A6A967B243715F100586065 /* Release */ = {
			isa = XCBuildConfiguration;
			buildSettings = {
				ALWAYS_SEARCH_USER_PATHS = NO;
				CLANG_ANALYZER_NONNULL = YES;
				CLANG_ANALYZER_NUMBER_OBJECT_CONVERSION = YES_AGGRESSIVE;
				CLANG_CXX_LANGUAGE_STANDARD = "gnu++14";
				CLANG_CXX_LIBRARY = "libc++";
				CLANG_ENABLE_MODULES = YES;
				CLANG_ENABLE_OBJC_ARC = YES;
				CLANG_ENABLE_OBJC_WEAK = YES;
				CLANG_WARN_BLOCK_CAPTURE_AUTORELEASING = YES;
				CLANG_WARN_BOOL_CONVERSION = YES;
				CLANG_WARN_COMMA = YES;
				CLANG_WARN_CONSTANT_CONVERSION = YES;
				CLANG_WARN_DEPRECATED_OBJC_IMPLEMENTATIONS = YES;
				CLANG_WARN_DIRECT_OBJC_ISA_USAGE = YES_ERROR;
				CLANG_WARN_DOCUMENTATION_COMMENTS = YES;
				CLANG_WARN_EMPTY_BODY = YES;
				CLANG_WARN_ENUM_CONVERSION = YES;
				CLANG_WARN_INFINITE_RECURSION = YES;
				CLANG_WARN_INT_CONVERSION = YES;
				CLANG_WARN_NON_LITERAL_NULL_CONVERSION = YES;
				CLANG_WARN_OBJC_IMPLICIT_RETAIN_SELF = YES;
				CLANG_WARN_OBJC_LITERAL_CONVERSION = YES;
				CLANG_WARN_OBJC_ROOT_CLASS = YES_ERROR;
				CLANG_WARN_RANGE_LOOP_ANALYSIS = YES;
				CLANG_WARN_STRICT_PROTOTYPES = YES;
				CLANG_WARN_SUSPICIOUS_MOVE = YES;
				CLANG_WARN_UNGUARDED_AVAILABILITY = YES_AGGRESSIVE;
				CLANG_WARN_UNREACHABLE_CODE = YES;
				CLANG_WARN__DUPLICATE_METHOD_MATCH = YES;
				COPY_PHASE_STRIP = NO;
				DEBUG_INFORMATION_FORMAT = "dwarf-with-dsym";
				ENABLE_NS_ASSERTIONS = NO;
				ENABLE_STRICT_OBJC_MSGSEND = YES;
				GCC_C_LANGUAGE_STANDARD = gnu11;
				GCC_NO_COMMON_BLOCKS = YES;
				GCC_WARN_64_TO_32_BIT_CONVERSION = YES;
				GCC_WARN_ABOUT_RETURN_TYPE = YES_ERROR;
				GCC_WARN_UNDECLARED_SELECTOR = YES;
				GCC_WARN_UNINITIALIZED_AUTOS = YES_AGGRESSIVE;
				GCC_WARN_UNUSED_FUNCTION = YES;
				GCC_WARN_UNUSED_VARIABLE = YES;
				IPHONEOS_DEPLOYMENT_TARGET = 9.0;
				MTL_ENABLE_DEBUG_INFO = NO;
				MTL_FAST_MATH = YES;
				SDKROOT = iphoneos;
				VALIDATE_PRODUCT = YES;
			};
			name = Release;
		};
		7A6A967D243715F100586065 /* Debug */ = {
			isa = XCBuildConfiguration;
			baseConfigurationReference = 9413768F2DA1E7492F1FCB13 /* Pods-QYHProgressHUD.debug.xcconfig */;
			buildSettings = {
				ASSETCATALOG_COMPILER_APPICON_NAME = AppIcon;
				CODE_SIGN_STYLE = Automatic;
				DEVELOPMENT_TEAM = 28L95LZPNF;
				GCC_PRECOMPILE_PREFIX_HEADER = YES;
				GCC_PREFIX_HEADER = "/Users/saj-king/Desktop/QYHCustomView/QYHProgressHUD/Classes/General/Macros/QYHPrefixHeader.pch";
				INFOPLIST_FILE = "QYHProgressHUD/Support Files/Info.plist";
				IPHONEOS_DEPLOYMENT_TARGET = 9.0;
				LD_RUNPATH_SEARCH_PATHS = (
					"$(inherited)",
					"@executable_path/Frameworks",
				);
				LIBRARY_SEARCH_PATHS = (
					"$(inherited)",
					"$(PROJECT_DIR)/QYHProgressHUD/QYHKeyBoardLib/Classes",
				);
				PRODUCT_BUNDLE_IDENTIFIER = com.saj.QYHProgressHUD;
				PRODUCT_NAME = "$(TARGET_NAME)";
				TARGETED_DEVICE_FAMILY = "1,2";
			};
			name = Debug;
		};
		7A6A967E243715F100586065 /* Release */ = {
			isa = XCBuildConfiguration;
			baseConfigurationReference = 25C167E80BFB0E5180984FBB /* Pods-QYHProgressHUD.release.xcconfig */;
			buildSettings = {
				ASSETCATALOG_COMPILER_APPICON_NAME = AppIcon;
				CODE_SIGN_STYLE = Automatic;
				DEVELOPMENT_TEAM = 28L95LZPNF;
				GCC_PRECOMPILE_PREFIX_HEADER = YES;
				GCC_PREFIX_HEADER = "/Users/saj-king/Desktop/QYHCustomView/QYHProgressHUD/Classes/General/Macros/QYHPrefixHeader.pch";
				INFOPLIST_FILE = "QYHProgressHUD/Support Files/Info.plist";
				IPHONEOS_DEPLOYMENT_TARGET = 9.0;
				LD_RUNPATH_SEARCH_PATHS = (
					"$(inherited)",
					"@executable_path/Frameworks",
				);
				LIBRARY_SEARCH_PATHS = (
					"$(inherited)",
					"$(PROJECT_DIR)/QYHProgressHUD/QYHKeyBoardLib/Classes",
				);
				PRODUCT_BUNDLE_IDENTIFIER = com.saj.QYHProgressHUD;
				PRODUCT_NAME = "$(TARGET_NAME)";
				TARGETED_DEVICE_FAMILY = "1,2";
			};
			name = Release;
		};
		7A6A9680243715F100586065 /* Debug */ = {
			isa = XCBuildConfiguration;
			buildSettings = {
				BUNDLE_LOADER = "$(TEST_HOST)";
				CODE_SIGN_STYLE = Automatic;
				DEVELOPMENT_TEAM = 28L95LZPNF;
				INFOPLIST_FILE = QYHProgressHUDTests/Info.plist;
				IPHONEOS_DEPLOYMENT_TARGET = 13.1;
				LD_RUNPATH_SEARCH_PATHS = (
					"$(inherited)",
					"@executable_path/Frameworks",
					"@loader_path/Frameworks",
				);
				PRODUCT_BUNDLE_IDENTIFIER = com.saj.QYHProgressHUDTests;
				PRODUCT_NAME = "$(TARGET_NAME)";
				TARGETED_DEVICE_FAMILY = "1,2";
				TEST_HOST = "$(BUILT_PRODUCTS_DIR)/QYHProgressHUD.app/QYHProgressHUD";
			};
			name = Debug;
		};
		7A6A9681243715F100586065 /* Release */ = {
			isa = XCBuildConfiguration;
			buildSettings = {
				BUNDLE_LOADER = "$(TEST_HOST)";
				CODE_SIGN_STYLE = Automatic;
				DEVELOPMENT_TEAM = 28L95LZPNF;
				INFOPLIST_FILE = QYHProgressHUDTests/Info.plist;
				IPHONEOS_DEPLOYMENT_TARGET = 13.1;
				LD_RUNPATH_SEARCH_PATHS = (
					"$(inherited)",
					"@executable_path/Frameworks",
					"@loader_path/Frameworks",
				);
				PRODUCT_BUNDLE_IDENTIFIER = com.saj.QYHProgressHUDTests;
				PRODUCT_NAME = "$(TARGET_NAME)";
				TARGETED_DEVICE_FAMILY = "1,2";
				TEST_HOST = "$(BUILT_PRODUCTS_DIR)/QYHProgressHUD.app/QYHProgressHUD";
			};
			name = Release;
		};
		7A6A9683243715F100586065 /* Debug */ = {
			isa = XCBuildConfiguration;
			buildSettings = {
				CODE_SIGN_STYLE = Automatic;
				DEVELOPMENT_TEAM = 28L95LZPNF;
				INFOPLIST_FILE = QYHProgressHUDUITests/Info.plist;
				LD_RUNPATH_SEARCH_PATHS = (
					"$(inherited)",
					"@executable_path/Frameworks",
					"@loader_path/Frameworks",
				);
				PRODUCT_BUNDLE_IDENTIFIER = com.saj.QYHProgressHUDUITests;
				PRODUCT_NAME = "$(TARGET_NAME)";
				TARGETED_DEVICE_FAMILY = "1,2";
				TEST_TARGET_NAME = QYHProgressHUD;
			};
			name = Debug;
		};
		7A6A9684243715F100586065 /* Release */ = {
			isa = XCBuildConfiguration;
			buildSettings = {
				CODE_SIGN_STYLE = Automatic;
				DEVELOPMENT_TEAM = 28L95LZPNF;
				INFOPLIST_FILE = QYHProgressHUDUITests/Info.plist;
				LD_RUNPATH_SEARCH_PATHS = (
					"$(inherited)",
					"@executable_path/Frameworks",
					"@loader_path/Frameworks",
				);
				PRODUCT_BUNDLE_IDENTIFIER = com.saj.QYHProgressHUDUITests;
				PRODUCT_NAME = "$(TARGET_NAME)";
				TARGETED_DEVICE_FAMILY = "1,2";
				TEST_TARGET_NAME = QYHProgressHUD;
			};
			name = Release;
		};
/* End XCBuildConfiguration section */

/* Begin XCConfigurationList section */
		7A6A9648243715ED00586065 /* Build configuration list for PBXProject "QYHProgressHUD" */ = {
			isa = XCConfigurationList;
			buildConfigurations = (
				7A6A967A243715F100586065 /* Debug */,
				7A6A967B243715F100586065 /* Release */,
			);
			defaultConfigurationIsVisible = 0;
			defaultConfigurationName = Release;
		};
		7A6A967C243715F100586065 /* Build configuration list for PBXNativeTarget "QYHProgressHUD" */ = {
			isa = XCConfigurationList;
			buildConfigurations = (
				7A6A967D243715F100586065 /* Debug */,
				7A6A967E243715F100586065 /* Release */,
			);
			defaultConfigurationIsVisible = 0;
			defaultConfigurationName = Release;
		};
		7A6A967F243715F100586065 /* Build configuration list for PBXNativeTarget "QYHProgressHUDTests" */ = {
			isa = XCConfigurationList;
			buildConfigurations = (
				7A6A9680243715F100586065 /* Debug */,
				7A6A9681243715F100586065 /* Release */,
			);
			defaultConfigurationIsVisible = 0;
			defaultConfigurationName = Release;
		};
		7A6A9682243715F100586065 /* Build configuration list for PBXNativeTarget "QYHProgressHUDUITests" */ = {
			isa = XCConfigurationList;
			buildConfigurations = (
				7A6A9683243715F100586065 /* Debug */,
				7A6A9684243715F100586065 /* Release */,
			);
			defaultConfigurationIsVisible = 0;
			defaultConfigurationName = Release;
		};
/* End XCConfigurationList section */
	};
	rootObject = 7A6A9645243715ED00586065 /* Project object */;
}
